
Microsoft Visual Studio Solution File, Format Version 12.00
# Visual Studio Version 17
VisualStudioVersion = 17.8.34322.80
MinimumVisualStudioVersion = 10.0.40219.1
Project("{FAE04EC0-301F-11D3-BF4B-00C04F79EFBC}") = "Blog", "Blog\Blog.csproj", "{7D2F47D3-F07A-4887-B17B-8D2A1188B51A}"
EndProject
Global
	GlobalSection(SolutionConfigurationPlatforms) = preSolution
		Debug|Any CPU = Debug|Any CPU
		Release|Any CPU = Release|Any CPU
	EndGlobalSection
	GlobalSection(ProjectConfigurationPlatforms) = postSolution
		{7D2F47D3-F07A-4887-B17B-8D2A1188B51A}.Debug|Any CPU.ActiveCfg = Debug|Any CPU
		{7D2F47D3-F07A-4887-B17B-8D2A1188B51A}.Debug|Any CPU.Build.0 = Debug|Any CPU
		{7D2F47D3-F07A-4887-B17B-8D2A1188B51A}.Release|Any CPU.ActiveCfg = Release|Any CPU
		{7D2F47D3-F07A-4887-B17B-8D2A1188B51A}.Release|Any CPU.Build.0 = Release|Any CPU
	EndGlobalSection
	GlobalSection(SolutionProperties) = preSolution
		HideSolutionNode = FALSE
	EndGlobalSection
	GlobalSection(ExtensibilityGlobals) = postSolution
		SolutionGuid = {F38187FE-B8D0-475D-BECE-A284C346FEE9}
	EndGlobalSection
EndGlobal
